
Microsoft Visual Studio Solution File, Format Version 12.00
# Visual Studio Version 16
VisualStudioVersion = 16.0.33027.164
MinimumVisualStudioVersion = 10.0.40219.1
Project("{9A19103F-16F7-4668-BE54-9A1E7A4F7556}") = "ContosoCrafts.WebSite", "ContosoCrafts.WebSite\ContosoCrafts.WebSite.csproj", "{931A393D-9818-4021-8289-4D2C8D3C453A}"
EndProject
Global
	GlobalSection(SolutionConfigurationPlatforms) = preSolution
		Debug|Any CPU = Debug|Any CPU
		Release|Any CPU = Release|Any CPU
	EndGlobalSection
	GlobalSection(ProjectConfigurationPlatforms) = postSolution
		{931A393D-9818-4021-8289-4D2C8D3C453A}.Debug|Any CPU.ActiveCfg = Debug|Any CPU
		{931A393D-9818-4021-8289-4D2C8D3C453A}.Debug|Any CPU.Build.0 = Debug|Any CPU
		{931A393D-9818-4021-8289-4D2C8D3C453A}.Release|Any CPU.ActiveCfg = Release|Any CPU
		{931A393D-9818-4021-8289-4D2C8D3C453A}.Release|Any CPU.Build.0 = Release|Any CPU
	EndGlobalSection
	GlobalSection(SolutionProperties) = preSolution
		HideSolutionNode = FALSE
	EndGlobalSection
	GlobalSection(ExtensibilityGlobals) = postSolution
		SolutionGuid = {141DC257-FAC2-4864-8719-BB2180FF80CC}
	EndGlobalSection
EndGlobal
